
Microsoft Visual Studio Solution File, Format Version 12.00
# Visual Studio Version 16
VisualStudioVersion = 16.0.29318.209
MinimumVisualStudioVersion = 10.0.40219.1
Project("{FAE04EC0-301F-11D3-BF4B-00C04F79EFBC}") = "Csharp project 12", "Csharp project 12\Csharp project 12.csproj", "{5A6EEDCF-6D26-4697-BD9A-28D59D6102AA}"
EndProject
Global
	GlobalSection(SolutionConfigurationPlatforms) = preSolution
		Debug|Any CPU = Debug|Any CPU
		Release|Any CPU = Release|Any CPU
	EndGlobalSection
	GlobalSection(ProjectConfigurationPlatforms) = postSolution
		{5A6EEDCF-6D26-4697-BD9A-28D59D6102AA}.Debug|Any CPU.ActiveCfg = Debug|Any CPU
		{5A6EEDCF-6D26-4697-BD9A-28D59D6102AA}.Debug|Any CPU.Build.0 = Debug|Any CPU
		{5A6EEDCF-6D26-4697-BD9A-28D59D6102AA}.Release|Any CPU.ActiveCfg = Release|Any CPU
		{5A6EEDCF-6D26-4697-BD9A-28D59D6102AA}.Release|Any CPU.Build.0 = Release|Any CPU
	EndGlobalSection
	GlobalSection(SolutionProperties) = preSolution
		HideSolutionNode = FALSE
	EndGlobalSection
	GlobalSection(ExtensibilityGlobals) = postSolution
		SolutionGuid = {0235C3C2-DB8D-43CF-BAC5-48831B22B82A}
	EndGlobalSection
EndGlobal
